
Microsoft Visual Studio Solution File, Format Version 12.00
# Visual Studio Version 16
VisualStudioVersion = 16.0.31702.278
MinimumVisualStudioVersion = 10.0.40219.1
Project("{FAE04EC0-301F-11D3-BF4B-00C04F79EFBC}") = "GeometricShapes", "GeometricShapes\GeometricShapes.csproj", "{9F409F50-F133-415C-84B4-BC56C93C497A}"
EndProject
Global
	GlobalSection(SolutionConfigurationPlatforms) = preSolution
		Debug|Any CPU = Debug|Any CPU
		Release|Any CPU = Release|Any CPU
	EndGlobalSection
	GlobalSection(ProjectConfigurationPlatforms) = postSolution
		{9F409F50-F133-415C-84B4-BC56C93C497A}.Debug|Any CPU.ActiveCfg = Debug|Any CPU
		{9F409F50-F133-415C-84B4-BC56C93C497A}.Debug|Any CPU.Build.0 = Debug|Any CPU
		{9F409F50-F133-415C-84B4-BC56C93C497A}.Release|Any CPU.ActiveCfg = Release|Any CPU
		{9F409F50-F133-415C-84B4-BC56C93C497A}.Release|Any CPU.Build.0 = Release|Any CPU
	EndGlobalSection
	GlobalSection(SolutionProperties) = preSolution
		HideSolutionNode = FALSE
	EndGlobalSection
	GlobalSection(ExtensibilityGlobals) = postSolution
		SolutionGuid = {424A2FAA-9B59-4E9C-B453-95F8278DD3E9}
	EndGlobalSection
EndGlobal
